
Microsoft Visual Studio Solution File, Format Version 12.00
# Visual Studio Version 17
VisualStudioVersion = 17.11.35312.102
MinimumVisualStudioVersion = 10.0.40219.1
Project("{FAE04EC0-301F-11D3-BF4B-00C04F79EFBC}") = "lb5_luz", "lb5_luz\lb5_luz.csproj", "{D0DF1189-89AD-43BB-8626-E265A42C375E}"
EndProject
Global
	GlobalSection(SolutionConfigurationPlatforms) = preSolution
		Debug|Any CPU = Debug|Any CPU
		Release|Any CPU = Release|Any CPU
	EndGlobalSection
	GlobalSection(ProjectConfigurationPlatforms) = postSolution
		{D0DF1189-89AD-43BB-8626-E265A42C375E}.Debug|Any CPU.ActiveCfg = Debug|Any CPU
		{D0DF1189-89AD-43BB-8626-E265A42C375E}.Debug|Any CPU.Build.0 = Debug|Any CPU
		{D0DF1189-89AD-43BB-8626-E265A42C375E}.Release|Any CPU.ActiveCfg = Release|Any CPU
		{D0DF1189-89AD-43BB-8626-E265A42C375E}.Release|Any CPU.Build.0 = Release|Any CPU
	EndGlobalSection
	GlobalSection(SolutionProperties) = preSolution
		HideSolutionNode = FALSE
	EndGlobalSection
	GlobalSection(ExtensibilityGlobals) = postSolution
		SolutionGuid = {B3EBC365-7BAF-45B8-A562-F88320407FAD}
	EndGlobalSection
EndGlobal
